// !$*UTF8*$!
{
	archiveVersion = 1;
	classes = {
	};
	objectVersion = 56;
	objects = {

/* Begin PBXBuildFile section */
		9E25904C2C44567000BA620D /* AppDelegate.swift in Sources */ = {isa = PBXBuildFile; fileRef = 9E25904B2C44567000BA620D /* AppDelegate.swift */; };
		9E25904E2C44567000BA620D /* SceneDelegate.swift in Sources */ = {isa = PBXBuildFile; fileRef = 9E25904D2C44567000BA620D /* SceneDelegate.swift */; };
		9E2590502C44567000BA620D /* HomeAnimeModule.swift in Sources */ = {isa = PBXBuildFile; fileRef = 9E25904F2C44567000BA620D /* HomeAnimeModule.swift */; };
		9E2590532C44567000BA620D /* HomeAnimeModule.storyboard in Resources */ = {isa = PBXBuildFile; fileRef = 9E2590512C44567000BA620D /* HomeAnimeModule.storyboard */; };
		9E2590562C44567000BA620D /* AnimeDB.xcdatamodeld in Sources */ = {isa = PBXBuildFile; fileRef = 9E2590542C44567000BA620D /* AnimeDB.xcdatamodeld */; };
		9E2590582C44567B00BA620D /* Assets.xcassets in Resources */ = {isa = PBXBuildFile; fileRef = 9E2590572C44567B00BA620D /* Assets.xcassets */; };
		9E25905B2C44567B00BA620D /* LaunchScreen.storyboard in Resources */ = {isa = PBXBuildFile; fileRef = 9E2590592C44567B00BA620D /* LaunchScreen.storyboard */; };
		9E2590642C4467C100BA620D /* AppStoryboard.swift in Sources */ = {isa = PBXBuildFile; fileRef = 9E2590632C4467C100BA620D /* AppStoryboard.swift */; };
		9E2590682C44829D00BA620D /* HomeAnimeViewController.swift in Sources */ = {isa = PBXBuildFile; fileRef = 9E2590672C44829D00BA620D /* HomeAnimeViewController.swift */; };
		9E25906A2C4483F100BA620D /* HomeAnimePresenter.swift in Sources */ = {isa = PBXBuildFile; fileRef = 9E2590692C4483F100BA620D /* HomeAnimePresenter.swift */; };
		9E25906C2C44840600BA620D /* HomeAnimeInteractor.swift in Sources */ = {isa = PBXBuildFile; fileRef = 9E25906B2C44840600BA620D /* HomeAnimeInteractor.swift */; };
		9E25906E2C44841200BA620D /* HomeAnimeRouter.swift in Sources */ = {isa = PBXBuildFile; fileRef = 9E25906D2C44841200BA620D /* HomeAnimeRouter.swift */; };
/* End PBXBuildFile section */

/* Begin PBXFileReference section */
		9E2590482C44567000BA620D /* AnimeDB.app */ = {isa = PBXFileReference; explicitFileType = wrapper.application; includeInIndex = 0; path = AnimeDB.app; sourceTree = BUILT_PRODUCTS_DIR; };
		9E25904B2C44567000BA620D /* AppDelegate.swift */ = {isa = PBXFileReference; lastKnownFileType = sourcecode.swift; path = AppDelegate.swift; sourceTree = "<group>"; };
		9E25904D2C44567000BA620D /* SceneDelegate.swift */ = {isa = PBXFileReference; lastKnownFileType = sourcecode.swift; path = SceneDelegate.swift; sourceTree = "<group>"; };
		9E25904F2C44567000BA620D /* HomeAnimeModule.swift */ = {isa = PBXFileReference; lastKnownFileType = sourcecode.swift; path = HomeAnimeModule.swift; sourceTree = "<group>"; };
		9E2590522C44567000BA620D /* Base */ = {isa = PBXFileReference; lastKnownFileType = file.storyboard; name = Base; path = Base.lproj/HomeAnimeModule.storyboard; sourceTree = "<group>"; };
		9E2590552C44567000BA620D /* AnimeDB.xcdatamodel */ = {isa = PBXFileReference; lastKnownFileType = wrapper.xcdatamodel; path = AnimeDB.xcdatamodel; sourceTree = "<group>"; };
		9E2590572C44567B00BA620D /* Assets.xcassets */ = {isa = PBXFileReference; lastKnownFileType = folder.assetcatalog; path = Assets.xcassets; sourceTree = "<group>"; };
		9E25905A2C44567B00BA620D /* Base */ = {isa = PBXFileReference; lastKnownFileType = file.storyboard; name = Base; path = Base.lproj/LaunchScreen.storyboard; sourceTree = "<group>"; };
		9E25905C2C44567B00BA620D /* Info.plist */ = {isa = PBXFileReference; lastKnownFileType = text.plist.xml; path = Info.plist; sourceTree = "<group>"; };
		9E2590632C4467C100BA620D /* AppStoryboard.swift */ = {isa = PBXFileReference; lastKnownFileType = sourcecode.swift; path = AppStoryboard.swift; sourceTree = "<group>"; };
		9E2590672C44829D00BA620D /* HomeAnimeViewController.swift */ = {isa = PBXFileReference; lastKnownFileType = sourcecode.swift; path = HomeAnimeViewController.swift; sourceTree = "<group>"; };
		9E2590692C4483F100BA620D /* HomeAnimePresenter.swift */ = {isa = PBXFileReference; lastKnownFileType = sourcecode.swift; path = HomeAnimePresenter.swift; sourceTree = "<group>"; };
		9E25906B2C44840600BA620D /* HomeAnimeInteractor.swift */ = {isa = PBXFileReference; lastKnownFileType = sourcecode.swift; path = HomeAnimeInteractor.swift; sourceTree = "<group>"; };
		9E25906D2C44841200BA620D /* HomeAnimeRouter.swift */ = {isa = PBXFileReference; lastKnownFileType = sourcecode.swift; path = HomeAnimeRouter.swift; sourceTree = "<group>"; };
/* End PBXFileReference section */

/* Begin PBXFrameworksBuildPhase section */
		9E2590452C44567000BA620D /* Frameworks */ = {
			isa = PBXFrameworksBuildPhase;
			buildActionMask = 2147483647;
			files = (
			);
			runOnlyForDeploymentPostprocessing = 0;
		};
/* End PBXFrameworksBuildPhase section */

/* Begin PBXGroup section */
		9E25903F2C44567000BA620D = {
			isa = PBXGroup;
			children = (
				9E25904A2C44567000BA620D /* AnimeDB */,
				9E2590492C44567000BA620D /* Products */,
			);
			sourceTree = "<group>";
		};
		9E2590492C44567000BA620D /* Products */ = {
			isa = PBXGroup;
			children = (
				9E2590482C44567000BA620D /* AnimeDB.app */,
			);
			name = Products;
			sourceTree = "<group>";
		};
		9E25904A2C44567000BA620D /* AnimeDB */ = {
			isa = PBXGroup;
			children = (
				9E25904B2C44567000BA620D /* AppDelegate.swift */,
				9E25904D2C44567000BA620D /* SceneDelegate.swift */,
				9E2590622C44639300BA620D /* HomeAnime */,
				9E2590572C44567B00BA620D /* Assets.xcassets */,
				9E2590592C44567B00BA620D /* LaunchScreen.storyboard */,
				9E25905C2C44567B00BA620D /* Info.plist */,
				9E2590542C44567000BA620D /* AnimeDB.xcdatamodeld */,
				9E2590632C4467C100BA620D /* AppStoryboard.swift */,
			);
			path = AnimeDB;
			sourceTree = "<group>";
		};
		9E2590622C44639300BA620D /* HomeAnime */ = {
			isa = PBXGroup;
			children = (
				9E25904F2C44567000BA620D /* HomeAnimeModule.swift */,
				9E2590672C44829D00BA620D /* HomeAnimeViewController.swift */,
				9E2590692C4483F100BA620D /* HomeAnimePresenter.swift */,
				9E25906B2C44840600BA620D /* HomeAnimeInteractor.swift */,
				9E25906D2C44841200BA620D /* HomeAnimeRouter.swift */,
				9E25906F2C448B7C00BA620D /* Storyboards */,
			);
			path = HomeAnime;
			sourceTree = "<group>";
		};
		9E25906F2C448B7C00BA620D /* Storyboards */ = {
			isa = PBXGroup;
			children = (
				9E2590512C44567000BA620D /* HomeAnimeModule.storyboard */,
			);
			path = Storyboards;
			sourceTree = "<group>";
		};
/* End PBXGroup section */

/* Begin PBXNativeTarget section */
		9E2590472C44567000BA620D /* AnimeDB */ = {
			isa = PBXNativeTarget;
			buildConfigurationList = 9E25905F2C44567B00BA620D /* Build configuration list for PBXNativeTarget "AnimeDB" */;
			buildPhases = (
				9E2590442C44567000BA620D /* Sources */,
				9E2590452C44567000BA620D /* Frameworks */,
				9E2590462C44567000BA620D /* Resources */,
			);
			buildRules = (
			);
			dependencies = (
			);
			name = AnimeDB;
			productName = AnimeDB;
			productReference = 9E2590482C44567000BA620D /* AnimeDB.app */;
			productType = "com.apple.product-type.application";
		};
/* End PBXNativeTarget section */

/* Begin PBXProject section */
		9E2590402C44567000BA620D /* Project object */ = {
			isa = PBXProject;
			attributes = {
				BuildIndependentTargetsInParallel = 1;
				LastSwiftUpdateCheck = 1520;
				LastUpgradeCheck = 1520;
				TargetAttributes = {
					9E2590472C44567000BA620D = {
						CreatedOnToolsVersion = 15.2;
					};
				};
			};
			buildConfigurationList = 9E2590432C44567000BA620D /* Build configuration list for PBXProject "AnimeDB" */;
			compatibilityVersion = "Xcode 14.0";
			developmentRegion = en;
			hasScannedForEncodings = 0;
			knownRegions = (
				en,
				Base,
			);
			mainGroup = 9E25903F2C44567000BA620D;
			productRefGroup = 9E2590492C44567000BA620D /* Products */;
			projectDirPath = "";
			projectRoot = "";
			targets = (
				9E2590472C44567000BA620D /* AnimeDB */,
			);
		};
/* End PBXProject section */

/* Begin PBXResourcesBuildPhase section */
		9E2590462C44567000BA620D /* Resources */ = {
			isa = PBXResourcesBuildPhase;
			buildActionMask = 2147483647;
			files = (
				9E25905B2C44567B00BA620D /* LaunchScreen.storyboard in Resources */,
				9E2590582C44567B00BA620D /* Assets.xcassets in Resources */,
				9E2590532C44567000BA620D /* HomeAnimeModule.storyboard in Resources */,
			);
			runOnlyForDeploymentPostprocessing = 0;
		};
/* End PBXResourcesBuildPhase section */

/* Begin PBXSourcesBuildPhase section */
		9E2590442C44567000BA620D /* Sources */ = {
			isa = PBXSourcesBuildPhase;
			buildActionMask = 2147483647;
			files = (
				9E2590642C4467C100BA620D /* AppStoryboard.swift in Sources */,
				9E25906E2C44841200BA620D /* HomeAnimeRouter.swift in Sources */,
				9E25906A2C4483F100BA620D /* HomeAnimePresenter.swift in Sources */,
				9E25906C2C44840600BA620D /* HomeAnimeInteractor.swift in Sources */,
				9E2590562C44567000BA620D /* AnimeDB.xcdatamodeld in Sources */,
				9E2590682C44829D00BA620D /* HomeAnimeViewController.swift in Sources */,
				9E2590502C44567000BA620D /* HomeAnimeModule.swift in Sources */,
				9E25904C2C44567000BA620D /* AppDelegate.swift in Sources */,
				9E25904E2C44567000BA620D /* SceneDelegate.swift in Sources */,
			);
			runOnlyForDeploymentPostprocessing = 0;
		};
/* End PBXSourcesBuildPhase section */

/* Begin PBXVariantGroup section */
		9E2590512C44567000BA620D /* HomeAnimeModule.storyboard */ = {
			isa = PBXVariantGroup;
			children = (
				9E2590522C44567000BA620D /* Base */,
			);
			name = HomeAnimeModule.storyboard;
			sourceTree = "<group>";
		};
		9E2590592C44567B00BA620D /* LaunchScreen.storyboard */ = {
			isa = PBXVariantGroup;
			children = (
				9E25905A2C44567B00BA620D /* Base */,
			);
			name = LaunchScreen.storyboard;
			sourceTree = "<group>";
		};
/* End PBXVariantGroup section */

/* Begin XCBuildConfiguration section */
		9E25905D2C44567B00BA620D /* Debug */ = {
			isa = XCBuildConfiguration;
			buildSettings = {
				ALWAYS_SEARCH_USER_PATHS = NO;
				ASSETCATALOG_COMPILER_GENERATE_SWIFT_ASSET_SYMBOL_EXTENSIONS = YES;
				CLANG_ANALYZER_NONNULL = YES;
				CLANG_ANALYZER_NUMBER_OBJECT_CONVERSION = YES_AGGRESSIVE;
				CLANG_CXX_LANGUAGE_STANDARD = "gnu++20";
				CLANG_ENABLE_MODULES = YES;
				CLANG_ENABLE_OBJC_ARC = YES;
				CLANG_ENABLE_OBJC_WEAK = YES;
				CLANG_WARN_BLOCK_CAPTURE_AUTORELEASING = YES;
				CLANG_WARN_BOOL_CONVERSION = YES;
				CLANG_WARN_COMMA = YES;
				CLANG_WARN_CONSTANT_CONVERSION = YES;
				CLANG_WARN_DEPRECATED_OBJC_IMPLEMENTATIONS = YES;
				CLANG_WARN_DIRECT_OBJC_ISA_USAGE = YES_ERROR;
				CLANG_WARN_DOCUMENTATION_COMMENTS = YES;
				CLANG_WARN_EMPTY_BODY = YES;
				CLANG_WARN_ENUM_CONVERSION = YES;
				CLANG_WARN_INFINITE_RECURSION = YES;
				CLANG_WARN_INT_CONVERSION = YES;
				CLANG_WARN_NON_LITERAL_NULL_CONVERSION = YES;
				CLANG_WARN_OBJC_IMPLICIT_RETAIN_SELF = YES;
				CLANG_WARN_OBJC_LITERAL_CONVERSION = YES;
				CLANG_WARN_OBJC_ROOT_CLASS = YES_ERROR;
				CLANG_WARN_QUOTED_INCLUDE_IN_FRAMEWORK_HEADER = YES;
				CLANG_WARN_RANGE_LOOP_ANALYSIS = YES;
				CLANG_WARN_STRICT_PROTOTYPES = YES;
				CLANG_WARN_SUSPICIOUS_MOVE = YES;
				CLANG_WARN_UNGUARDED_AVAILABILITY = YES_AGGRESSIVE;
				CLANG_WARN_UNREACHABLE_CODE = YES;
				CLANG_WARN__DUPLICATE_METHOD_MATCH = YES;
				COPY_PHASE_STRIP = NO;
				DEBUG_INFORMATION_FORMAT = dwarf;
				ENABLE_STRICT_OBJC_MSGSEND = YES;
				ENABLE_TESTABILITY = YES;
				ENABLE_USER_SCRIPT_SANDBOXING = YES;
				GCC_C_LANGUAGE_STANDARD = gnu17;
				GCC_DYNAMIC_NO_PIC = NO;
				GCC_NO_COMMON_BLOCKS = YES;
				GCC_OPTIMIZATION_LEVEL = 0;
				GCC_PREPROCESSOR_DEFINITIONS = (
					"DEBUG=1",
					"$(inherited)",
				);
				GCC_WARN_64_TO_32_BIT_CONVERSION = YES;
				GCC_WARN_ABOUT_RETURN_TYPE = YES_ERROR;
				GCC_WARN_UNDECLARED_SELECTOR = YES;
				GCC_WARN_UNINITIALIZED_AUTOS = YES_AGGRESSIVE;
				GCC_WARN_UNUSED_FUNCTION = YES;
				GCC_WARN_UNUSED_VARIABLE = YES;
				IPHONEOS_DEPLOYMENT_TARGET = 17.2;
				LOCALIZATION_PREFERS_STRING_CATALOGS = YES;
				MTL_ENABLE_DEBUG_INFO = INCLUDE_SOURCE;
				MTL_FAST_MATH = YES;
				ONLY_ACTIVE_ARCH = YES;
				SDKROOT = iphoneos;
				SWIFT_ACTIVE_COMPILATION_CONDITIONS = "DEBUG $(inherited)";
				SWIFT_OPTIMIZATION_LEVEL = "-Onone";
			};
			name = Debug;
		};
		9E25905E2C44567B00BA620D /* Release */ = {
			isa = XCBuildConfiguration;
			buildSettings = {
				ALWAYS_SEARCH_USER_PATHS = NO;
				ASSETCATALOG_COMPILER_GENERATE_SWIFT_ASSET_SYMBOL_EXTENSIONS = YES;
				CLANG_ANALYZER_NONNULL = YES;
				CLANG_ANALYZER_NUMBER_OBJECT_CONVERSION = YES_AGGRESSIVE;
				CLANG_CXX_LANGUAGE_STANDARD = "gnu++20";
				CLANG_ENABLE_MODULES = YES;
				CLANG_ENABLE_OBJC_ARC = YES;
				CLANG_ENABLE_OBJC_WEAK = YES;
				CLANG_WARN_BLOCK_CAPTURE_AUTORELEASING = YES;
				CLANG_WARN_BOOL_CONVERSION = YES;
				CLANG_WARN_COMMA = YES;
				CLANG_WARN_CONSTANT_CONVERSION = YES;
				CLANG_WARN_DEPRECATED_OBJC_IMPLEMENTATIONS = YES;
				CLANG_WARN_DIRECT_OBJC_ISA_USAGE = YES_ERROR;
				CLANG_WARN_DOCUMENTATION_COMMENTS = YES;
				CLANG_WARN_EMPTY_BODY = YES;
				CLANG_WARN_ENUM_CONVERSION = YES;
				CLANG_WARN_INFINITE_RECURSION = YES;
				CLANG_WARN_INT_CONVERSION = YES;
				CLANG_WARN_NON_LITERAL_NULL_CONVERSION = YES;
				CLANG_WARN_OBJC_IMPLICIT_RETAIN_SELF = YES;
				CLANG_WARN_OBJC_LITERAL_CONVERSION = YES;
				CLANG_WARN_OBJC_ROOT_CLASS = YES_ERROR;
				CLANG_WARN_QUOTED_INCLUDE_IN_FRAMEWORK_HEADER = YES;
				CLANG_WARN_RANGE_LOOP_ANALYSIS = YES;
				CLANG_WARN_STRICT_PROTOTYPES = YES;
				CLANG_WARN_SUSPICIOUS_MOVE = YES;
				CLANG_WARN_UNGUARDED_AVAILABILITY = YES_AGGRESSIVE;
				CLANG_WARN_UNREACHABLE_CODE = YES;
				CLANG_WARN__DUPLICATE_METHOD_MATCH = YES;
				COPY_PHASE_STRIP = NO;
				DEBUG_INFORMATION_FORMAT = "dwarf-with-dsym";
				ENABLE_NS_ASSERTIONS = NO;
				ENABLE_STRICT_OBJC_MSGSEND = YES;
				ENABLE_USER_SCRIPT_SANDBOXING = YES;
				GCC_C_LANGUAGE_STANDARD = gnu17;
				GCC_NO_COMMON_BLOCKS = YES;
				GCC_WARN_64_TO_32_BIT_CONVERSION = YES;
				GCC_WARN_ABOUT_RETURN_TYPE = YES_ERROR;
				GCC_WARN_UNDECLARED_SELECTOR = YES;
				GCC_WARN_UNINITIALIZED_AUTOS = YES_AGGRESSIVE;
				GCC_WARN_UNUSED_FUNCTION = YES;
				GCC_WARN_UNUSED_VARIABLE = YES;
				IPHONEOS_DEPLOYMENT_TARGET = 17.2;
				LOCALIZATION_PREFERS_STRING_CATALOGS = YES;
				MTL_ENABLE_DEBUG_INFO = NO;
				MTL_FAST_MATH = YES;
				SDKROOT = iphoneos;
				SWIFT_COMPILATION_MODE = wholemodule;
				VALIDATE_PRODUCT = YES;
			};
			name = Release;
		};
		9E2590602C44567B00BA620D /* Debug */ = {
			isa = XCBuildConfiguration;
			buildSettings = {
				ASSETCATALOG_COMPILER_APPICON_NAME = AppIcon;
				ASSETCATALOG_COMPILER_GLOBAL_ACCENT_COLOR_NAME = AccentColor;
				CODE_SIGN_STYLE = Automatic;
				CURRENT_PROJECT_VERSION = 1;
				DEVELOPMENT_TEAM = TDLZRMX32H;
				GENERATE_INFOPLIST_FILE = YES;
				INFOPLIST_FILE = AnimeDB/Info.plist;
				INFOPLIST_KEY_UIApplicationSupportsIndirectInputEvents = YES;
				INFOPLIST_KEY_UILaunchStoryboardName = LaunchScreen;
				INFOPLIST_KEY_UIMainStoryboardFile = Main;
				INFOPLIST_KEY_UISupportedInterfaceOrientations_iPad = "UIInterfaceOrientationPortrait UIInterfaceOrientationPortraitUpsideDown UIInterfaceOrientationLandscapeLeft UIInterfaceOrientationLandscapeRight";
				INFOPLIST_KEY_UISupportedInterfaceOrientations_iPhone = "UIInterfaceOrientationPortrait UIInterfaceOrientationLandscapeLeft UIInterfaceOrientationLandscapeRight";
				LD_RUNPATH_SEARCH_PATHS = (
					"$(inherited)",
					"@executable_path/Frameworks",
				);
				MARKETING_VERSION = 1.0;
				PRODUCT_BUNDLE_IDENTIFIER = pe.erinson.AnimeDB;
				PRODUCT_NAME = "$(TARGET_NAME)";
				SWIFT_EMIT_LOC_STRINGS = YES;
				SWIFT_VERSION = 5.0;
				TARGETED_DEVICE_FAMILY = "1,2";
			};
			name = Debug;
		};
		9E2590612C44567B00BA620D /* Release */ = {
			isa = XCBuildConfiguration;
			buildSettings = {
				ASSETCATALOG_COMPILER_APPICON_NAME = AppIcon;
				ASSETCATALOG_COMPILER_GLOBAL_ACCENT_COLOR_NAME = AccentColor;
				CODE_SIGN_STYLE = Automatic;
				CURRENT_PROJECT_VERSION = 1;
				DEVELOPMENT_TEAM = TDLZRMX32H;
				GENERATE_INFOPLIST_FILE = YES;
				INFOPLIST_FILE = AnimeDB/Info.plist;
				INFOPLIST_KEY_UIApplicationSupportsIndirectInputEvents = YES;
				INFOPLIST_KEY_UILaunchStoryboardName = LaunchScreen;
				INFOPLIST_KEY_UIMainStoryboardFile = Main;
				INFOPLIST_KEY_UISupportedInterfaceOrientations_iPad = "UIInterfaceOrientationPortrait UIInterfaceOrientationPortraitUpsideDown UIInterfaceOrientationLandscapeLeft UIInterfaceOrientationLandscapeRight";
				INFOPLIST_KEY_UISupportedInterfaceOrientations_iPhone = "UIInterfaceOrientationPortrait UIInterfaceOrientationLandscapeLeft UIInterfaceOrientationLandscapeRight";
				LD_RUNPATH_SEARCH_PATHS = (
					"$(inherited)",
					"@executable_path/Frameworks",
				);
				MARKETING_VERSION = 1.0;
				PRODUCT_BUNDLE_IDENTIFIER = pe.erinson.AnimeDB;
				PRODUCT_NAME = "$(TARGET_NAME)";
				SWIFT_EMIT_LOC_STRINGS = YES;
				SWIFT_VERSION = 5.0;
				TARGETED_DEVICE_FAMILY = "1,2";
			};
			name = Release;
		};
/* End XCBuildConfiguration section */

/* Begin XCConfigurationList section */
		9E2590432C44567000BA620D /* Build configuration list for PBXProject "AnimeDB" */ = {
			isa = XCConfigurationList;
			buildConfigurations = (
				9E25905D2C44567B00BA620D /* Debug */,
				9E25905E2C44567B00BA620D /* Release */,
			);
			defaultConfigurationIsVisible = 0;
			defaultConfigurationName = Release;
		};
		9E25905F2C44567B00BA620D /* Build configuration list for PBXNativeTarget "AnimeDB" */ = {
			isa = XCConfigurationList;
			buildConfigurations = (
				9E2590602C44567B00BA620D /* Debug */,
				9E2590612C44567B00BA620D /* Release */,
			);
			defaultConfigurationIsVisible = 0;
			defaultConfigurationName = Release;
		};
/* End XCConfigurationList section */

/* Begin XCVersionGroup section */
		9E2590542C44567000BA620D /* AnimeDB.xcdatamodeld */ = {
			isa = XCVersionGroup;
			children = (
				9E2590552C44567000BA620D /* AnimeDB.xcdatamodel */,
			);
			currentVersion = 9E2590552C44567000BA620D /* AnimeDB.xcdatamodel */;
			path = AnimeDB.xcdatamodeld;
			sourceTree = "<group>";
			versionGroupType = wrapper.xcdatamodel;
		};
/* End XCVersionGroup section */
	};
	rootObject = 9E2590402C44567000BA620D /* Project object */;
}
